# THIS IS AN AUTOGENERATED FILE. DO NOT EDIT THIS FILE DIRECTLY.
# yarn lockfile v1


"@babel/runtime@^7.13.8":
  version "7.13.10"
  resolved "https://registry.yarnpkg.com/@babel/runtime/-/runtime-7.13.10.tgz#47d42a57b6095f4468da440388fdbad8bebf0d7d"
  integrity sha512-4QPkjJq6Ns3V/RgpEahRk+AGfL0eO6RHHtTWoNNr5mO49G6B5+X6d6THgWEAvTrznU5xYpbAlVKRYcsCgh/Akw==
  dependencies:
    regenerator-runtime "^0.13.4"

"@babel/runtime@^7.14.0":
  version "7.15.4"
  resolved "https://registry.yarnpkg.com/@babel/runtime/-/runtime-7.15.4.tgz#fd17d16bfdf878e6dd02d19753a39fa8a8d9c84a"
  integrity sha512-99catp6bHCaxr4sJ/DbTGgHS4+Rs2RVd2g7iOap6SLGPDknRK9ztKNsE/Fg6QhSeh1FGE5f6gHGQmvvn3I3xhw==
  dependencies:
    regenerator-runtime "^0.13.4"

"@babel/runtime@^7.5.5", "@babel/runtime@^7.6.3", "@babel/runtime@^7.8.7":
  version "7.9.2"
  resolved "https://registry.yarnpkg.com/@babel/runtime/-/runtime-7.9.2.tgz#d90df0583a3a252f09aaa619665367bae518db06"
  integrity sha512-NE2DtOdufG7R5vnfQUTehdTfNycfUANEtCa9PssN9O/xmTzP4E08UI797ixaei6hBEVL9BI/PsdJS5x7mWoB9Q==
  dependencies:
    regenerator-runtime "^0.13.4"

"@corex/deepmerge@^2.5.6":
  version "2.5.6"
  resolved "https://registry.yarnpkg.com/@corex/deepmerge/-/deepmerge-2.5.6.tgz#a5d26c6a0f4df1f65d17871c94f463d5097e349a"
  integrity sha512-zvClQyrUGV4Hzr2zWnyD/MS0DrNWJ9jMKFLYA/abmsU4dObMuFXhragGqWpWHW6G/ghJpf09E+JumTo5jSb9rg==

"@fortawesome/fontawesome-free@5.13.1":
  version "5.13.1"
  resolved "https://registry.yarnpkg.com/@fortawesome/fontawesome-free/-/fontawesome-free-5.13.1.tgz#c53b4066edae16cd1fd669f687baf031b45fb9d6"
  integrity sha512-D819f34FLHeBN/4xvw0HR0u7U2G7RqjPSggXqf7LktsxWQ48VAfGwvMrhcVuaZV2fF069c/619RdgCCms0DHhw==

"@next/env@12.1.6":
  version "12.1.6"
  resolved "https://registry.yarnpkg.com/@next/env/-/env-12.1.6.tgz#5f44823a78335355f00f1687cfc4f1dafa3eca08"
  integrity sha512-Te/OBDXFSodPU6jlXYPAXpmZr/AkG6DCATAxttQxqOWaq6eDFX25Db3dK0120GZrSZmv4QCe9KsZmJKDbWs4OA==

"@next/swc-android-arm-eabi@12.1.6":
  version "12.1.6"
  resolved "https://registry.yarnpkg.com/@next/swc-android-arm-eabi/-/swc-android-arm-eabi-12.1.6.tgz#79a35349b98f2f8c038ab6261aa9cd0d121c03f9"
  integrity sha512-BxBr3QAAAXWgk/K7EedvzxJr2dE014mghBSA9iOEAv0bMgF+MRq4PoASjuHi15M2zfowpcRG8XQhMFtxftCleQ==

"@next/swc-android-arm64@12.1.6":
  version "12.1.6"
  resolved "https://registry.yarnpkg.com/@next/swc-android-arm64/-/swc-android-arm64-12.1.6.tgz#ec08ea61794f8752c8ebcacbed0aafc5b9407456"
  integrity sha512-EboEk3ROYY7U6WA2RrMt/cXXMokUTXXfnxe2+CU+DOahvbrO8QSWhlBl9I9ZbFzJx28AGB9Yo3oQHCvph/4Lew==

"@next/swc-darwin-arm64@12.1.6":
  version "12.1.6"
  resolved "https://registry.yarnpkg.com/@next/swc-darwin-arm64/-/swc-darwin-arm64-12.1.6.tgz#d1053805615fd0706e9b1667893a72271cd87119"
  integrity sha512-P0EXU12BMSdNj1F7vdkP/VrYDuCNwBExtRPDYawgSUakzi6qP0iKJpya2BuLvNzXx+XPU49GFuDC5X+SvY0mOw==

"@next/swc-darwin-x64@12.1.6":
  version "12.1.6"
  resolved "https://registry.yarnpkg.com/@next/swc-darwin-x64/-/swc-darwin-x64-12.1.6.tgz#2d1b926a22f4c5230d5b311f9c56cfdcc406afec"
  integrity sha512-9FptMnbgHJK3dRDzfTpexs9S2hGpzOQxSQbe8omz6Pcl7rnEp9x4uSEKY51ho85JCjL4d0tDLBcXEJZKKLzxNg==

"@next/swc-linux-arm-gnueabihf@12.1.6":
  version "12.1.6"
  resolved "https://registry.yarnpkg.com/@next/swc-linux-arm-gnueabihf/-/swc-linux-arm-gnueabihf-12.1.6.tgz#c021918d2a94a17f823106a5e069335b8a19724f"
  integrity sha512-PvfEa1RR55dsik/IDkCKSFkk6ODNGJqPY3ysVUZqmnWMDSuqFtf7BPWHFa/53znpvVB5XaJ5Z1/6aR5CTIqxPw==

"@next/swc-linux-arm64-gnu@12.1.6":
  version "12.1.6"
  resolved "https://registry.yarnpkg.com/@next/swc-linux-arm64-gnu/-/swc-linux-arm64-gnu-12.1.6.tgz#ac55c07bfabde378dfa0ce2b8fc1c3b2897e81ae"
  integrity sha512-53QOvX1jBbC2ctnmWHyRhMajGq7QZfl974WYlwclXarVV418X7ed7o/EzGY+YVAEKzIVaAB9JFFWGXn8WWo0gQ==

"@next/swc-linux-arm64-musl@12.1.6":
  version "12.1.6"
  resolved "https://registry.yarnpkg.com/@next/swc-linux-arm64-musl/-/swc-linux-arm64-musl-12.1.6.tgz#e429f826279894be9096be6bec13e75e3d6bd671"
  integrity sha512-CMWAkYqfGdQCS+uuMA1A2UhOfcUYeoqnTW7msLr2RyYAys15pD960hlDfq7QAi8BCAKk0sQ2rjsl0iqMyziohQ==

"@next/swc-linux-x64-gnu@12.1.6":
  version "12.1.6"
  resolved "https://registry.yarnpkg.com/@next/swc-linux-x64-gnu/-/swc-linux-x64-gnu-12.1.6.tgz#1f276c0784a5ca599bfa34b2fcc0b38f3a738e08"
  integrity sha512-AC7jE4Fxpn0s3ujngClIDTiEM/CQiB2N2vkcyWWn6734AmGT03Duq6RYtPMymFobDdAtZGFZd5nR95WjPzbZAQ==

"@next/swc-linux-x64-musl@12.1.6":
  version "12.1.6"
  resolved "https://registry.yarnpkg.com/@next/swc-linux-x64-musl/-/swc-linux-x64-musl-12.1.6.tgz#1d9933dd6ba303dcfd8a2acd6ac7c27ed41e2eea"
  integrity sha512-c9Vjmi0EVk0Kou2qbrynskVarnFwfYIi+wKufR9Ad7/IKKuP6aEhOdZiIIdKsYWRtK2IWRF3h3YmdnEa2WLUag==

"@next/swc-win32-arm64-msvc@12.1.6":
  version "12.1.6"
  resolved "https://registry.yarnpkg.com/@next/swc-win32-arm64-msvc/-/swc-win32-arm64-msvc-12.1.6.tgz#2ef9837f12ca652b1783d72ecb86208906042f02"
  integrity sha512-3UTOL/5XZSKFelM7qN0it35o3Cegm6LsyuERR3/OoqEExyj3aCk7F025b54/707HTMAnjlvQK3DzLhPu/xxO4g==

"@next/swc-win32-ia32-msvc@12.1.6":
  version "12.1.6"
  resolved "https://registry.yarnpkg.com/@next/swc-win32-ia32-msvc/-/swc-win32-ia32-msvc-12.1.6.tgz#74003d0aa1c59dfa56cb15481a5c607cbc0027b9"
  integrity sha512-8ZWoj6nCq6fI1yCzKq6oK0jE6Mxlz4MrEsRyu0TwDztWQWe7rh4XXGLAa2YVPatYcHhMcUL+fQQbqd1MsgaSDA==

"@next/swc-win32-x64-msvc@12.1.6":
  version "12.1.6"
  resolved "https://registry.yarnpkg.com/@next/swc-win32-x64-msvc/-/swc-win32-x64-msvc-12.1.6.tgz#a350caf42975e7197b24b495b8d764eec7e6a36e"
  integrity sha512-4ZEwiRuZEicXhXqmhw3+de8Z4EpOLQj/gp+D9fFWo6ii6W1kBkNNvvEx4A90ugppu+74pT1lIJnOuz3A9oQeJA==

"@popperjs/core@^2.8.6":
  version "2.10.1"
  resolved "https://registry.yarnpkg.com/@popperjs/core/-/core-2.10.1.tgz#728ecd95ab207aab8a9a4e421f0422db329232be"
  integrity sha512-HnUhk1Sy9IuKrxEMdIRCxpIqPw6BFsbYSEUO9p/hNw5sMld/+3OLMWQP80F8/db9qsv3qUjs7ZR5bS/R+iinXw==

"@restart/context@^2.1.4":
  version "2.1.4"
  resolved "https://registry.yarnpkg.com/@restart/context/-/context-2.1.4.tgz#a99d87c299a34c28bd85bb489cb07bfd23149c02"
  integrity sha512-INJYZQJP7g+IoDUh/475NlGiTeMfwTXUEr3tmRneckHIxNolGOW9CTq83S8cxq0CgJwwcMzMJFchxvlwe7Rk8Q==

"@restart/hooks@^0.3.26":
  version "0.3.26"
  resolved "https://registry.yarnpkg.com/@restart/hooks/-/hooks-0.3.26.tgz#ade155a7b0b014ef1073391dda46972c3a14a129"
  integrity sha512-7Hwk2ZMYm+JLWcb7R9qIXk1OoUg1Z+saKWqZXlrvFwT3w6UArVNWgxYOzf+PJoK9zZejp8okPAKTctthhXLt5g==
  dependencies:
    lodash "^4.17.20"
    lodash-es "^4.17.20"

"@types/invariant@^2.2.33":
  version "2.2.33"
  resolved "https://registry.yarnpkg.com/@types/invariant/-/invariant-2.2.33.tgz#ec5eec29c63bf5e4ca164e9feb3ef7337cdcbadb"
  integrity sha512-/jUNmS8d4bCKdqslfxW6dg/9Gksfzxz67IYfqApHn+HvHlMVXwYv2zpTDnS/yaK9BB0i0GlBTaYci0EFE62Hmw==

"@types/prop-types@*", "@types/prop-types@^15.7.3":
  version "15.7.3"
  resolved "https://registry.yarnpkg.com/@types/prop-types/-/prop-types-15.7.3.tgz#2ab0d5da2e5815f94b0b9d4b95d1e5f243ab2ca7"
  integrity sha512-KfRL3PuHmqQLOG+2tGpRO26Ctg+Cq1E01D2DMriKEATHgWLfeNDmq9e29Q9WIky0dQ3NPkd1mzYH8Lm936Z9qw==

"@types/react-transition-group@^4.4.1":
  version "4.4.1"
  resolved "https://registry.yarnpkg.com/@types/react-transition-group/-/react-transition-group-4.4.1.tgz#e1a3cb278df7f47f17b5082b1b3da17170bd44b1"
  integrity sha512-vIo69qKKcYoJ8wKCJjwSgCTM+z3chw3g18dkrDfVX665tMH7tmbDxEAnPdey4gTlwZz5QuHGzd+hul0OVZDqqQ==
  dependencies:
    "@types/react" "*"

"@types/react@*":
  version "16.9.32"
  resolved "https://registry.yarnpkg.com/@types/react/-/react-16.9.32.tgz#f6368625b224604148d1ddf5920e4fefbd98d383"
  integrity sha512-fmejdp0CTH00mOJmxUPPbWCEBWPvRIL4m8r0qD+BSDUqmutPyGQCHifzMpMzdvZwROdEdL78IuZItntFWgPXHQ==
  dependencies:
    "@types/prop-types" "*"
    csstype "^2.2.0"

"@types/react@>=16.14.8":
  version "17.0.20"
  resolved "https://registry.yarnpkg.com/@types/react/-/react-17.0.20.tgz#a4284b184d47975c71658cd69e759b6bd37c3b8c"
  integrity sha512-wWZrPlihslrPpcKyCSlmIlruakxr57/buQN1RjlIeaaTWDLtJkTtRW429MoQJergvVKc4IWBpRhWw7YNh/7GVA==
  dependencies:
    "@types/prop-types" "*"
    "@types/scheduler" "*"
    csstype "^3.0.2"

"@types/react@>=16.9.11":
  version "17.0.3"
  resolved "https://registry.yarnpkg.com/@types/react/-/react-17.0.3.tgz#ba6e215368501ac3826951eef2904574c262cc79"
  integrity sha512-wYOUxIgs2HZZ0ACNiIayItyluADNbONl7kt8lkLjVK8IitMH5QMyAh75Fwhmo37r1m7L2JaFj03sIfxBVDvRAg==
  dependencies:
    "@types/prop-types" "*"
    "@types/scheduler" "*"
    csstype "^3.0.2"

"@types/scheduler@*":
  version "0.16.1"
  resolved "https://registry.yarnpkg.com/@types/scheduler/-/scheduler-0.16.1.tgz#18845205e86ff0038517aab7a18a62a6b9f71275"
  integrity sha512-EaCxbanVeyxDRTQBkdLb3Bvl/HK7PBK6UJjsSixB0iHKoWxE5uu2Q/DgtpOhPIojN0Zl1whvOd7PoHs2P0s5eA==

"@types/warning@^3.0.0":
  version "3.0.0"
  resolved "https://registry.yarnpkg.com/@types/warning/-/warning-3.0.0.tgz#0d2501268ad8f9962b740d387c4654f5f8e23e52"
  integrity sha1-DSUBJorY+ZYrdA04fEZU9fjiPlI=

bootstrap@4.5.0:
  version "4.5.0"
  resolved "https://registry.yarnpkg.com/bootstrap/-/bootstrap-4.5.0.tgz#97d9dbcb5a8972f8722c9962483543b907d9b9ec"
  integrity sha512-Z93QoXvodoVslA+PWNdk23Hze4RBYIkpb5h8I2HY2Tu2h7A0LpAgLcyrhrSUyo2/Oxm2l1fRZPs1e5hnxnliXA==

bootstrap@4.6.0:
  version "4.6.0"
  resolved "https://registry.yarnpkg.com/bootstrap/-/bootstrap-4.6.0.tgz#97b9f29ac98f98dfa43bf7468262d84392552fd7"
  integrity sha512-Io55IuQY3kydzHtbGvQya3H+KorS/M9rSNyfCGCg9WZ4pyT/lCxIlpJgG1GXW/PswzC84Tr2fBYi+7+jFVQQBw==

caniuse-lite@^1.0.30001332:
  version "1.0.30001352"
  resolved "https://registry.yarnpkg.com/caniuse-lite/-/caniuse-lite-1.0.30001352.tgz#cc6f5da3f983979ad1e2cdbae0505dccaa7c6a12"
  integrity sha512-GUgH8w6YergqPQDGWhJGt8GDRnY0L/iJVQcU3eJ46GYf52R8tk0Wxp0PymuFVZboJYXGiCqwozAYZNRjVj6IcA==

classnames@^2.3.1:
  version "2.3.1"
  resolved "https://registry.yarnpkg.com/classnames/-/classnames-2.3.1.tgz#dfcfa3891e306ec1dad105d0e88f4417b8535e8e"
  integrity sha512-OlQdbZ7gLfGarSqxesMesDa5uz7KFbID8Kpq/SxIoNGDqY8lSYs0D+hhtBXhcdB3rcbXArFr7vlHheLk1voeNA==

csstype@^2.2.0, csstype@^2.6.7:
  version "2.6.10"
  resolved "https://registry.yarnpkg.com/csstype/-/csstype-2.6.10.tgz#e63af50e66d7c266edb6b32909cfd0aabe03928b"
  integrity sha512-D34BqZU4cIlMCY93rZHbrq9pjTAQJ3U8S8rfBqjwHxkGPThWFjzZDQpgMJY0QViLxth6ZKYiwFBo14RdN44U/w==

csstype@^3.0.2:
  version "3.0.3"
  resolved "https://registry.yarnpkg.com/csstype/-/csstype-3.0.3.tgz#2b410bbeba38ba9633353aff34b05d9755d065f8"
  integrity sha512-jPl+wbWPOWJ7SXsWyqGRk3lGecbar0Cb0OvZF/r/ZU011R4YqiRehgkQ9p4eQfo9DSDLqLL3wHwfxeJiuIsNag==

dom-helpers@^5.0.1:
  version "5.1.4"
  resolved "https://registry.yarnpkg.com/dom-helpers/-/dom-helpers-5.1.4.tgz#4609680ab5c79a45f2531441f1949b79d6587f4b"
  integrity sha512-TjMyeVUvNEnOnhzs6uAn9Ya47GmMo3qq7m+Lr/3ON0Rs5kHvb8I+SQYjLUSYn7qhEm0QjW0yrBkvz9yOrwwz1A==
  dependencies:
    "@babel/runtime" "^7.8.7"
    csstype "^2.6.7"

dom-helpers@^5.2.0:
  version "5.2.0"
  resolved "https://registry.yarnpkg.com/dom-helpers/-/dom-helpers-5.2.0.tgz#57fd054c5f8f34c52a3eeffdb7e7e93cd357d95b"
  integrity sha512-Ru5o9+V8CpunKnz5LGgWXkmrH/20cGKwcHwS4m73zIvs54CN9epEmT/HLqFJW3kXpakAFkEdzgy1hzlJe3E4OQ==
  dependencies:
    "@babel/runtime" "^7.8.7"
    csstype "^3.0.2"

dom-helpers@^5.2.1:
  version "5.2.1"
  resolved "https://registry.yarnpkg.com/dom-helpers/-/dom-helpers-5.2.1.tgz#d9400536b2bf8225ad98fe052e029451ac40e902"
  integrity sha512-nRCa7CK3VTrM2NmGkIy4cbK7IZlgBE/PYMn55rrXefr5xXDP0LdtfPnblFDoVdcAfslJ7or6iqAUnx0CCGIWQA==
  dependencies:
    "@babel/runtime" "^7.8.7"
    csstype "^3.0.2"

errno@^0.1.1:
  version "0.1.7"
  resolved "https://registry.yarnpkg.com/errno/-/errno-0.1.7.tgz#4684d71779ad39af177e3f007996f7c67c852618"
  integrity sha512-MfrRBDWzIWifgq6tJj60gkAwtLNb6sQPlcFrSOflcP1aFmmruKQ2wRnze/8V6kgyz7H3FF8Npzv78mZ7XLLflg==
  dependencies:
    prr "~1.0.1"

escape-string-regexp@^4.0.0:
  version "4.0.0"
  resolved "https://registry.yarnpkg.com/escape-string-regexp/-/escape-string-regexp-4.0.0.tgz#14ba83a5d373e3d311e5afca29cf5bfad965bf34"
  integrity sha512-TtpcNJ3XAzx3Gq8sWRzJaVajRs0uVxA2YAkdb1jm2YkPz4G6egUFAyA3n5vtEIZefPk5Wa4UXbKuS5fKkJWdgA==

graceful-fs@^4.1.2:
  version "4.2.3"
  resolved "https://registry.yarnpkg.com/graceful-fs/-/graceful-fs-4.2.3.tgz#4a12ff1b60376ef09862c2093edd908328be8423"
  integrity sha512-a30VEBm4PEdx1dRB7MFK7BejejvCvBronbLjht+sHuGYj8PHs7M/5Z+rt5lw551vZ7yfTCj4Vuyy3mSJytDWRQ==

image-size@~0.5.0:
  version "0.5.5"
  resolved "https://registry.yarnpkg.com/image-size/-/image-size-0.5.5.tgz#09dfd4ab9d20e29eb1c3e80b8990378df9e3cb9c"
  integrity sha1-Cd/Uq50g4p6xw+gLiZA3jfnjy5w=

invariant@^2.2.4:
  version "2.2.4"
  resolved "https://registry.yarnpkg.com/invariant/-/invariant-2.2.4.tgz#610f3c92c9359ce1db616e538008d23ff35158e6"
  integrity sha512-phJfQVBuaJM5raOpJjSfkiD6BpbCE4Ns//LaXl6wGYtUBY83nWS6Rf9tXm2e8VaK60JEjYldbPif/A2B1C2gNA==
  dependencies:
    loose-envify "^1.0.0"

jquery@3.5.1:
  version "3.5.1"
  resolved "https://registry.yarnpkg.com/jquery/-/jquery-3.5.1.tgz#d7b4d08e1bfdb86ad2f1a3d039ea17304717abb5"
  integrity sha512-XwIBPqcMn57FxfT+Go5pzySnm4KWkT1Tv7gjrpT1srtf8Weynl6R273VJ5GjkRb51IzMp5nbaPjJXMWeju2MKg==

"js-tokens@^3.0.0 || ^4.0.0":
  version "4.0.0"
  resolved "https://registry.yarnpkg.com/js-tokens/-/js-tokens-4.0.0.tgz#19203fb59991df98e3a287050d4647cdeaf32499"
  integrity sha512-RdJUflcE3cUzKiMqQgsCu06FPu9UdIJO0beYbPhHN4k6apgJtifcoCtT9bcxOpYBtpD2kCM6Sbzg4CausW/PKQ==

less@^3.12.2:
  version "3.12.2"
  resolved "https://registry.yarnpkg.com/less/-/less-3.12.2.tgz#157e6dd32a68869df8859314ad38e70211af3ab4"
  integrity sha512-+1V2PCMFkL+OIj2/HrtrvZw0BC0sYLMICJfbQjuj/K8CEnlrFX6R5cKKgzzttsZDHyxQNL1jqMREjKN3ja/E3Q==
  dependencies:
    tslib "^1.10.0"
  optionalDependencies:
    errno "^0.1.1"
    graceful-fs "^4.1.2"
    image-size "~0.5.0"
    make-dir "^2.1.0"
    mime "^1.4.1"
    native-request "^1.0.5"
    source-map "~0.6.0"

lodash-es@^4.17.20:
  version "4.17.21"
  resolved "https://registry.yarnpkg.com/lodash-es/-/lodash-es-4.17.21.tgz#43e626c46e6591b7750beb2b50117390c609e3ee"
  integrity sha512-mKnC+QJ9pWVzv+C4/U3rRsHapFfHvQFoFB92e52xeyGMcX6/OlIl78je1u8vePzYZSkkogMPJ2yjxxsb89cxyw==

lodash@^4.17.20:
  version "4.17.21"
  resolved "https://registry.yarnpkg.com/lodash/-/lodash-4.17.21.tgz#679591c564c3bffaae8454cf0b3df370c3d6911c"
  integrity sha512-v2kDEe57lecTulaDIuNTPy3Ry4gLGJ6Z1O3vE1krgXZNrsQ+LFTGHVxVjcXPs17LhbZVGedAJv8XZ1tvj5FvSg==

loose-envify@^1.0.0, loose-envify@^1.1.0, loose-envify@^1.4.0:
  version "1.4.0"
  resolved "https://registry.yarnpkg.com/loose-envify/-/loose-envify-1.4.0.tgz#71ee51fa7be4caec1a63839f7e682d8132d30caf"
  integrity sha512-lyuxPGr/Wfhrlem2CL/UcnUc1zcqKAImBDzukY7Y5F/yQiNdko6+fRLevlw1HgMySw7f611UIY408EtxRSoK3Q==
  dependencies:
    js-tokens "^3.0.0 || ^4.0.0"

make-dir@^2.1.0:
  version "2.1.0"
  resolved "https://registry.yarnpkg.com/make-dir/-/make-dir-2.1.0.tgz#5f0310e18b8be898cc07009295a30ae41e91e6f5"
  integrity sha512-LS9X+dc8KLxXCb8dni79fLIIUA5VyZoyjSMCwTluaXA0o27cCK0bhXkpgw+sTXVpPy/lSO57ilRixqk0vDmtRA==
  dependencies:
    pify "^4.0.1"
    semver "^5.6.0"

matcher@^4.0.0:
  version "4.0.0"
  resolved "https://registry.yarnpkg.com/matcher/-/matcher-4.0.0.tgz#a42a05a09aaed92e2d241eb91fddac689461ea51"
  integrity sha512-S6x5wmcDmsDRRU/c2dkccDwQPXoFczc5+HpQ2lON8pnvHlnvHAHj5WlLVvw6n6vNyHuVugYrFohYxbS+pvFpKQ==
  dependencies:
    escape-string-regexp "^4.0.0"

mime@^1.4.1:
  version "1.6.0"
  resolved "https://registry.yarnpkg.com/mime/-/mime-1.6.0.tgz#32cd9e5c64553bd58d19a568af452acff04981b1"
  integrity sha512-x0Vn8spI+wuJ1O6S7gnbaQg8Pxh4NNHb7KSINmEWKiPE4RKOplvijn+NkmYmmRgP68mc70j2EbeTFRsrswaQeg==

minimist@^1.2.5:
  version "1.2.5"
  resolved "https://registry.yarnpkg.com/minimist/-/minimist-1.2.5.tgz#67d66014b66a6a8aaa0c083c5fd58df4e4e97602"
  integrity sha512-FM9nNUYrRBAELZQT3xeZQ7fmMOBg6nWNmJKTcgsJeaLstP/UODVpGsr5OhXhhXg6f+qtJ8uiZ+PUxkDWcgIXLw==

nanoid@^3.1.30:
  version "3.3.4"
  resolved "https://registry.yarnpkg.com/nanoid/-/nanoid-3.3.4.tgz#730b67e3cd09e2deacf03c027c81c9d9dbc5e8ab"
  integrity sha512-MqBkQh/OHTS2egovRtLk45wEyNXwF+cokD+1YPf9u5VfJiRdAiRwB2froX5Co9Rh20xs4siNPm8naNotSD6RBw==

native-request@^1.0.5:
  version "1.0.7"
  resolved "https://registry.yarnpkg.com/native-request/-/native-request-1.0.7.tgz#ff742dc555b4c8f2f1c14b548639ba174e573856"
  integrity sha512-9nRjinI9bmz+S7dgNtf4A70+/vPhnd+2krGpy4SUlADuOuSa24IDkNaZ+R/QT1wQ6S8jBdi6wE7fLekFZNfUpQ==

next-sitemap@1.6.25:
  version "1.6.25"
  resolved "https://registry.yarnpkg.com/next-sitemap/-/next-sitemap-1.6.25.tgz#bab5694e998e57b9932c57fb6dd95448d55ab88c"
  integrity sha512-lZ1Mchz0Kwfy9C2kdxlp1FPT1kj6g2EY6+cAuBjmRht+3fbDqLaDaC0z3cYhjvsfmHlshc1FNkZ7Ntq5a8q7tQ==
  dependencies:
    "@corex/deepmerge" "^2.5.6"
    matcher "^4.0.0"
    minimist "^1.2.5"

next@12.1.6:
  version "12.1.6"
  resolved "https://registry.yarnpkg.com/next/-/next-12.1.6.tgz#eb205e64af1998651f96f9df44556d47d8bbc533"
  integrity sha512-cebwKxL3/DhNKfg9tPZDQmbRKjueqykHHbgaoG4VBRH3AHQJ2HO0dbKFiS1hPhe1/qgc2d/hFeadsbPicmLD+A==
  dependencies:
    "@next/env" "12.1.6"
    caniuse-lite "^1.0.30001332"
    postcss "8.4.5"
    styled-jsx "5.0.2"
  optionalDependencies:
    "@next/swc-android-arm-eabi" "12.1.6"
    "@next/swc-android-arm64" "12.1.6"
    "@next/swc-darwin-arm64" "12.1.6"
    "@next/swc-darwin-x64" "12.1.6"
    "@next/swc-linux-arm-gnueabihf" "12.1.6"
    "@next/swc-linux-arm64-gnu" "12.1.6"
    "@next/swc-linux-arm64-musl" "12.1.6"
    "@next/swc-linux-x64-gnu" "12.1.6"
    "@next/swc-linux-x64-musl" "12.1.6"
    "@next/swc-win32-arm64-msvc" "12.1.6"
    "@next/swc-win32-ia32-msvc" "12.1.6"
    "@next/swc-win32-x64-msvc" "12.1.6"

object-assign@^4.1.1:
  version "4.1.1"
  resolved "https://registry.yarnpkg.com/object-assign/-/object-assign-4.1.1.tgz#2109adc7965887cfc05cbbd442cac8bfbb360863"
  integrity sha1-IQmtx5ZYh8/AXLvUQsrIv7s2CGM=

picocolors@^1.0.0:
  version "1.0.0"
  resolved "https://registry.yarnpkg.com/picocolors/-/picocolors-1.0.0.tgz#cb5bdc74ff3f51892236eaf79d68bc44564ab81c"
  integrity sha512-1fygroTLlHu66zi26VoTDv8yRgm0Fccecssto+MhsZ0D/DGW2sm8E8AjW7NU5VVTRt5GxbeZ5qBuJr+HyLYkjQ==

pify@^4.0.1:
  version "4.0.1"
  resolved "https://registry.yarnpkg.com/pify/-/pify-4.0.1.tgz#4b2cd25c50d598735c50292224fd8c6df41e3231"
  integrity sha512-uB80kBFb/tfd68bVleG9T5GGsGPjJrLAUpR5PZIrhBnIaRTQRjqdJSsIKkOP6OAIFbj7GOrcudc5pNjZ+geV2g==

postcss@8.4.5:
  version "8.4.5"
  resolved "https://registry.yarnpkg.com/postcss/-/postcss-8.4.5.tgz#bae665764dfd4c6fcc24dc0fdf7e7aa00cc77f95"
  integrity sha512-jBDboWM8qpaqwkMwItqTQTiFikhs/67OYVvblFFTM7MrZjt6yMKd6r2kgXizEbTTljacm4NldIlZnhbjr84QYg==
  dependencies:
    nanoid "^3.1.30"
    picocolors "^1.0.0"
    source-map-js "^1.0.1"

prop-types-extra@^1.1.0:
  version "1.1.1"
  resolved "https://registry.yarnpkg.com/prop-types-extra/-/prop-types-extra-1.1.1.tgz#58c3b74cbfbb95d304625975aa2f0848329a010b"
  integrity sha512-59+AHNnHYCdiC+vMwY52WmvP5dM3QLeoumYuEyceQDi9aEhtwN9zIQ2ZNo25sMyXnbh32h+P1ezDsUpUH3JAew==
  dependencies:
    react-is "^16.3.2"
    warning "^4.0.0"

prop-types@^15.6.2, prop-types@^15.7.2:
  version "15.7.2"
  resolved "https://registry.yarnpkg.com/prop-types/-/prop-types-15.7.2.tgz#52c41e75b8c87e72b9d9360e0206b99dcbffa6c5"
  integrity sha512-8QQikdH7//R2vurIJSutZ1smHYTcLpRWEOlHnzcWHmBYrOGUysKwSsrC89BCiFj3CbrfJ/nXFdJepOVrY1GCHQ==
  dependencies:
    loose-envify "^1.4.0"
    object-assign "^4.1.1"
    react-is "^16.8.1"

prr@~1.0.1:
  version "1.0.1"
  resolved "https://registry.yarnpkg.com/prr/-/prr-1.0.1.tgz#d3fc114ba06995a45ec6893f484ceb1d78f5f476"
  integrity sha1-0/wRS6BplaRexok/SEzrHXj19HY=

react-bootstrap@1.6.3:
  version "1.6.3"
  resolved "https://registry.yarnpkg.com/react-bootstrap/-/react-bootstrap-1.6.3.tgz#6c2b27ed320b95a690ac416ddbb11983de1f954d"
  integrity sha512-zsd4l0g68pusOmJ/R5LhTfofT+9RniCwcZsMMNFGJo97d1vT1H2nGlbhLWp/j/pfeXXj9zzR8ugUtKkadcoWnA==
  dependencies:
    "@babel/runtime" "^7.14.0"
    "@restart/context" "^2.1.4"
    "@restart/hooks" "^0.3.26"
    "@types/invariant" "^2.2.33"
    "@types/prop-types" "^15.7.3"
    "@types/react" ">=16.14.8"
    "@types/react-transition-group" "^4.4.1"
    "@types/warning" "^3.0.0"
    classnames "^2.3.1"
    dom-helpers "^5.2.1"
    invariant "^2.2.4"
    prop-types "^15.7.2"
    prop-types-extra "^1.1.0"
    react-overlays "^5.1.1"
    react-transition-group "^4.4.1"
    uncontrollable "^7.2.1"
    warning "^4.0.3"

react-dom@18.1.0:
  version "18.1.0"
  resolved "https://registry.yarnpkg.com/react-dom/-/react-dom-18.1.0.tgz#7f6dd84b706408adde05e1df575b3a024d7e8a2f"
  integrity sha512-fU1Txz7Budmvamp7bshe4Zi32d0ll7ect+ccxNu9FlObT605GOEB8BfO4tmRJ39R5Zj831VCpvQ05QPBW5yb+w==
  dependencies:
    loose-envify "^1.1.0"
    scheduler "^0.22.0"

react-is@^16.3.2, react-is@^16.8.1:
  version "16.13.1"
  resolved "https://registry.yarnpkg.com/react-is/-/react-is-16.13.1.tgz#789729a4dc36de2999dc156dd6c1d9c18cea56a4"
  integrity sha512-24e6ynE2H+OKt4kqsOvNd8kBpV65zoxbA4BVsEOB3ARVWQki/DHzaUoC5KuON/BiccDaCCTZBuOcfZs70kR8bQ==

react-lifecycles-compat@^3.0.4:
  version "3.0.4"
  resolved "https://registry.yarnpkg.com/react-lifecycles-compat/-/react-lifecycles-compat-3.0.4.tgz#4f1a273afdfc8f3488a8c516bfda78f872352362"
  integrity sha512-fBASbA6LnOU9dOU2eW7aQ8xmYBSXUIWr+UmF9b1efZBazGNO+rcXT/icdKnYm2pTwcRylVUYwW7H1PHfLekVzA==

react-overlays@^5.1.1:
  version "5.1.1"
  resolved "https://registry.yarnpkg.com/react-overlays/-/react-overlays-5.1.1.tgz#2e7cf49744b56537c7828ccb94cfc63dd778ae4f"
  integrity sha512-eCN2s2/+GVZzpnId4XVWtvDPYYBD2EtOGP74hE+8yDskPzFy9+pV1H3ZZihxuRdEbQzzacySaaDkR7xE0ydl4Q==
  dependencies:
    "@babel/runtime" "^7.13.8"
    "@popperjs/core" "^2.8.6"
    "@restart/hooks" "^0.3.26"
    "@types/warning" "^3.0.0"
    dom-helpers "^5.2.0"
    prop-types "^15.7.2"
    uncontrollable "^7.2.1"
    warning "^4.0.3"

react-transition-group@^4.4.1:
  version "4.4.1"
  resolved "https://registry.yarnpkg.com/react-transition-group/-/react-transition-group-4.4.1.tgz#63868f9325a38ea5ee9535d828327f85773345c9"
  integrity sha512-Djqr7OQ2aPUiYurhPalTrVy9ddmFCCzwhqQmtN+J3+3DzLO209Fdr70QrN8Z3DsglWql6iY1lDWAfpFiBtuKGw==
  dependencies:
    "@babel/runtime" "^7.5.5"
    dom-helpers "^5.0.1"
    loose-envify "^1.4.0"
    prop-types "^15.6.2"

react@18.1.0:
  version "18.1.0"
  resolved "https://registry.yarnpkg.com/react/-/react-18.1.0.tgz#6f8620382decb17fdc5cc223a115e2adbf104890"
  integrity sha512-4oL8ivCz5ZEPyclFQXaNksK3adutVS8l2xzZU0cqEFrE9Sb7fC0EFK5uEk74wIreL1DERyjvsU915j1pcT2uEQ==
  dependencies:
    loose-envify "^1.1.0"

regenerator-runtime@^0.13.4:
  version "0.13.5"
  resolved "https://registry.yarnpkg.com/regenerator-runtime/-/regenerator-runtime-0.13.5.tgz#d878a1d094b4306d10b9096484b33ebd55e26697"
  integrity sha512-ZS5w8CpKFinUzOwW3c83oPeVXoNsrLsaCoLtJvAClH135j/R77RuymhiSErhm2lKcwSCIpmvIWSbDkIfAqKQlA==

scheduler@^0.22.0:
  version "0.22.0"
  resolved "https://registry.yarnpkg.com/scheduler/-/scheduler-0.22.0.tgz#83a5d63594edf074add9a7198b1bae76c3db01b8"
  integrity sha512-6QAm1BgQI88NPYymgGQLCZgvep4FyePDWFpXVK+zNSUgHwlqpJy8VEh8Et0KxTACS4VWwMousBElAZOH9nkkoQ==
  dependencies:
    loose-envify "^1.1.0"

semver@^5.6.0:
  version "5.7.1"
  resolved "https://registry.yarnpkg.com/semver/-/semver-5.7.1.tgz#a954f931aeba508d307bbf069eff0c01c96116f7"
  integrity sha512-sauaDf/PZdVgrLTNYHRtpXa1iRiKcaebiKQ1BJdpQlWH2lCvexQdX55snPFyK7QzpudqbCI0qXFfOasHdyNDGQ==

simple-line-icons@2.5.5:
  version "2.5.5"
  resolved "https://registry.yarnpkg.com/simple-line-icons/-/simple-line-icons-2.5.5.tgz#32ea1babd842a28cc1764537ba5535e0b8f42be7"
  integrity sha512-v52iGG/qFZTSD/70yOfA1lYoN6zmjEfDjzFT6U6jNSCsh/aeVjy+8sYyTXWz1w7tLIkN2XeMmG+cLJp/0zYK4Q==
  dependencies:
    less "^3.12.2"

simple-line-icons@^2.4.1:
  version "2.4.1"
  resolved "https://registry.yarnpkg.com/simple-line-icons/-/simple-line-icons-2.4.1.tgz#b75bc5a0d87e530928c2ccda5735274bb256f234"
  integrity sha1-t1vFoNh+UwkowszaVzUnS7JW8jQ=

source-map-js@^1.0.1:
  version "1.0.2"
  resolved "https://registry.yarnpkg.com/source-map-js/-/source-map-js-1.0.2.tgz#adbc361d9c62df380125e7f161f71c826f1e490c"
  integrity sha512-R0XvVJ9WusLiqTCEiGCmICCMplcCkIwwR11mOSD9CR5u+IXYdiseeEuXCVAjS54zqwkLcPNnmU4OeJ6tUrWhDw==

source-map@~0.6.0:
  version "0.6.1"
  resolved "https://registry.yarnpkg.com/source-map/-/source-map-0.6.1.tgz#74722af32e9614e9c287a8d0bbde48b5e2f1a263"
  integrity sha512-UjgapumWlbMhkBgzT7Ykc5YXUT46F0iKu8SGXq0bcwP5dz/h0Plj6enJqjz1Zbq2l5WaqYnrVbwWOWMyF3F47g==

startbootstrap-landing-page@5.0.8:
  version "5.0.8"
  resolved "https://registry.yarnpkg.com/startbootstrap-landing-page/-/startbootstrap-landing-page-5.0.8.tgz#a4e5ca71c118e04c6356aa808e0e55a16343782c"
  integrity sha512-mPhBc3kPvmbL6o1cI6y2eNnIyzpt1T4jz+ZMfHL2kRMMSi930t+jFxYRHuQ6txVc+OYyV8sRTv0hEo2leLi8Bg==
  dependencies:
    "@fortawesome/fontawesome-free" "5.13.1"
    bootstrap "4.5.0"
    jquery "3.5.1"
    simple-line-icons "^2.4.1"

styled-jsx@5.0.2:
  version "5.0.2"
  resolved "https://registry.yarnpkg.com/styled-jsx/-/styled-jsx-5.0.2.tgz#ff230fd593b737e9e68b630a694d460425478729"
  integrity sha512-LqPQrbBh3egD57NBcHET4qcgshPks+yblyhPlH2GY8oaDgKs8SK4C3dBh3oSJjgzJ3G5t1SYEZGHkP+QEpX9EQ==

tslib@^1.10.0:
  version "1.11.1"
  resolved "https://registry.yarnpkg.com/tslib/-/tslib-1.11.1.tgz#eb15d128827fbee2841549e171f45ed338ac7e35"
  integrity sha512-aZW88SY8kQbU7gpV19lN24LtXh/yD4ZZg6qieAJDDg+YBsJcSmLGK9QpnUjAKVG/xefmvJGd1WUmfpT/g6AJGA==

uncontrollable@^7.2.1:
  version "7.2.1"
  resolved "https://registry.yarnpkg.com/uncontrollable/-/uncontrollable-7.2.1.tgz#1fa70ba0c57a14d5f78905d533cf63916dc75738"
  integrity sha512-svtcfoTADIB0nT9nltgjujTi7BzVmwjZClOmskKu/E8FW9BXzg9os8OLr4f8Dlnk0rYWJIWr4wv9eKUXiQvQwQ==
  dependencies:
    "@babel/runtime" "^7.6.3"
    "@types/react" ">=16.9.11"
    invariant "^2.2.4"
    react-lifecycles-compat "^3.0.4"

warning@^4.0.0, warning@^4.0.3:
  version "4.0.3"
  resolved "https://registry.yarnpkg.com/warning/-/warning-4.0.3.tgz#16e9e077eb8a86d6af7d64aa1e05fd85b4678ca3"
  integrity sha512-rpJyN222KWIvHJ/F53XSZv0Zl/accqHR8et1kpaMTD/fLCRxtV8iX8czMzY7sVZupTI3zcUTg8eycS2kNF9l6w==
  dependencies:
    loose-envify "^1.0.0"
